{
  "nodes": {
    "flake-parts": {
      "inputs": {
        "nixpkgs-lib": "nixpkgs-lib"
      },
      "locked": {
        "lastModified": 1738453229,
        "narHash": "sha256-7H9XgNiGLKN1G1CgRh0vUL4AheZSYzPm+zmZ7vxbJdo=",
        "owner": "hercules-ci",
        "repo": "flake-parts",
        "rev": "32ea77a06711b758da0ad9bd6a844c5740a87abd",
        "type": "github"
      },
      "original": {
        "owner": "hercules-ci",
        "repo": "flake-parts",
        "type": "github"
      }
    },
    "flake-parts_2": {
      "inputs": {
        "nixpkgs-lib": "nixpkgs-lib_2"
      },
      "locked": {
        "lastModified": 1706830856,
        "narHash": "sha256-a0NYyp+h9hlb7ddVz4LUn1vT/PLwqfrWYcHMvFB1xYg=",
        "owner": "hercules-ci",
        "repo": "flake-parts",
        "rev": "b253292d9c0a5ead9bc98c4e9a26c6312e27d69f",
        "type": "github"
      },
      "original": {
        "owner": "hercules-ci",
        "repo": "flake-parts",
        "type": "github"
      }
    },
    "flake-parts_3": {
      "inputs": {
        "nixpkgs-lib": "nixpkgs-lib_3"
      },
      "locked": {
        "lastModified": 1706830856,
        "narHash": "sha256-a0NYyp+h9hlb7ddVz4LUn1vT/PLwqfrWYcHMvFB1xYg=",
        "owner": "hercules-ci",
        "repo": "flake-parts",
        "rev": "b253292d9c0a5ead9bc98c4e9a26c6312e27d69f",
        "type": "github"
      },
      "original": {
        "owner": "hercules-ci",
        "repo": "flake-parts",
        "type": "github"
      }
    },
    "flake-parts_4": {
      "inputs": {
        "nixpkgs-lib": "nixpkgs-lib_4"
      },
      "locked": {
        "lastModified": 1706830856,
        "narHash": "sha256-a0NYyp+h9hlb7ddVz4LUn1vT/PLwqfrWYcHMvFB1xYg=",
        "owner": "hercules-ci",
        "repo": "flake-parts",
        "rev": "b253292d9c0a5ead9bc98c4e9a26c6312e27d69f",
        "type": "github"
      },
      "original": {
        "owner": "hercules-ci",
        "repo": "flake-parts",
        "type": "github"
      }
    },
    "flake-parts_5": {
      "inputs": {
        "nixpkgs-lib": "nixpkgs-lib_5"
      },
      "locked": {
        "lastModified": 1706830856,
        "narHash": "sha256-a0NYyp+h9hlb7ddVz4LUn1vT/PLwqfrWYcHMvFB1xYg=",
        "owner": "hercules-ci",
        "repo": "flake-parts",
        "rev": "b253292d9c0a5ead9bc98c4e9a26c6312e27d69f",
        "type": "github"
      },
      "original": {
        "owner": "hercules-ci",
        "repo": "flake-parts",
        "type": "github"
      }
    },
    "flake-parts_6": {
      "inputs": {
        "nixpkgs-lib": "nixpkgs-lib_6"
      },
      "locked": {
        "lastModified": 1706830856,
        "narHash": "sha256-a0NYyp+h9hlb7ddVz4LUn1vT/PLwqfrWYcHMvFB1xYg=",
        "owner": "hercules-ci",
        "repo": "flake-parts",
        "rev": "b253292d9c0a5ead9bc98c4e9a26c6312e27d69f",
        "type": "github"
      },
      "original": {
        "owner": "hercules-ci",
        "repo": "flake-parts",
        "type": "github"
      }
    },
    "flake-parts_7": {
      "inputs": {
        "nixpkgs-lib": "nixpkgs-lib_7"
      },
      "locked": {
        "lastModified": 1706830856,
        "narHash": "sha256-a0NYyp+h9hlb7ddVz4LUn1vT/PLwqfrWYcHMvFB1xYg=",
        "owner": "hercules-ci",
        "repo": "flake-parts",
        "rev": "b253292d9c0a5ead9bc98c4e9a26c6312e27d69f",
        "type": "github"
      },
      "original": {
        "owner": "hercules-ci",
        "repo": "flake-parts",
        "type": "github"
      }
    },
    "horizon-advance": {
      "inputs": {
        "flake-parts": [
          "horizon-devtools",
          "horizon-advance",
          "horizon-core",
          "flake-parts"
        ],
        "horizon-core": "horizon-core",
        "horizon-hoogle": "horizon-hoogle_2",
        "nixpkgs": [
          "horizon-devtools",
          "horizon-advance",
          "horizon-core",
          "nixpkgs"
        ]
      },
      "locked": {
        "lastModified": 1709026852,
        "narHash": "sha256-5TNWN99je/+lvlHf8ZhKdeR+5/++QfolO+OLH86GO7E=",
        "ref": "refs/heads/master",
        "rev": "90d964dac4093b32e8608fc9ce55bf1648e16968",
        "revCount": 191,
        "type": "git",
        "url": "https://gitlab.horizon-haskell.net/package-sets/horizon-advance"
      },
      "original": {
        "type": "git",
        "url": "https://gitlab.horizon-haskell.net/package-sets/horizon-advance"
      }
    },
    "horizon-advance_2": {
      "inputs": {
        "flake-parts": [
          "horizon-platform",
          "horizon-advance",
          "horizon-core",
          "flake-parts"
        ],
        "horizon-core": "horizon-core_2",
        "horizon-hoogle": "horizon-hoogle_5",
        "nixpkgs": [
          "horizon-platform",
          "horizon-advance",
          "horizon-core",
          "nixpkgs"
        ]
      },
      "locked": {
        "lastModified": 1709026852,
        "narHash": "sha256-5TNWN99je/+lvlHf8ZhKdeR+5/++QfolO+OLH86GO7E=",
        "ref": "refs/heads/master",
        "rev": "90d964dac4093b32e8608fc9ce55bf1648e16968",
        "revCount": 191,
        "type": "git",
        "url": "https://gitlab.horizon-haskell.net/package-sets/horizon-advance"
      },
      "original": {
        "type": "git",
        "url": "https://gitlab.horizon-haskell.net/package-sets/horizon-advance"
      }
    },
    "horizon-build-packages": {
      "inputs": {
        "flake-parts": "flake-parts_3",
        "horizon-ghc": "horizon-ghc",
        "nixpkgs": "nixpkgs_2"
      },
      "locked": {
        "lastModified": 1708982306,
        "narHash": "sha256-/Nh0SF02PEaQRRIa5vTYvU6yYXqB+tmJ7C9YUNNO0qw=",
        "ref": "lts/ghc-9.8.x",
        "rev": "7c7603cd4750691e7cd76bf88fa0f07e42a3bcb8",
        "revCount": 63,
        "type": "git",
        "url": "https://gitlab.horizon-haskell.net/package-sets/horizon-build-packages"
      },
      "original": {
        "ref": "lts/ghc-9.8.x",
        "type": "git",
        "url": "https://gitlab.horizon-haskell.net/package-sets/horizon-build-packages"
      }
    },
    "horizon-build-packages_2": {
      "inputs": {
        "flake-parts": "flake-parts_6",
        "horizon-ghc": "horizon-ghc_2",
        "nixpkgs": "nixpkgs_5"
      },
      "locked": {
        "lastModified": 1708982306,
        "narHash": "sha256-/Nh0SF02PEaQRRIa5vTYvU6yYXqB+tmJ7C9YUNNO0qw=",
        "ref": "lts/ghc-9.8.x",
        "rev": "7c7603cd4750691e7cd76bf88fa0f07e42a3bcb8",
        "revCount": 63,
        "type": "git",
        "url": "https://gitlab.horizon-haskell.net/package-sets/horizon-build-packages"
      },
      "original": {
        "ref": "lts/ghc-9.8.x",
        "type": "git",
        "url": "https://gitlab.horizon-haskell.net/package-sets/horizon-build-packages"
      }
    },
    "horizon-core": {
      "inputs": {
        "flake-parts": [
          "horizon-devtools",
          "horizon-advance",
          "horizon-core",
          "horizon-build-packages",
          "flake-parts"
        ],
        "horizon-build-packages": "horizon-build-packages",
        "horizon-hoogle": "horizon-hoogle",
        "nixpkgs": [
          "horizon-devtools",
          "horizon-advance",
          "horizon-core",
          "horizon-build-packages",
          "nixpkgs"
        ]
      },
      "locked": {
        "lastModified": 1708988401,
        "narHash": "sha256-K8S9191VAzpgLEU+O1bg+vfEF8M0ZJnZmhfgTX+JCdY=",
        "ref": "lts/ghc-9.8.x",
        "rev": "0a3a6987d0631cf2359c15804fdf5744f9a8772c",
        "revCount": 1318,
        "type": "git",
        "url": "https://gitlab.horizon-haskell.net/package-sets/horizon-core"
      },
      "original": {
        "ref": "lts/ghc-9.8.x",
        "type": "git",
        "url": "https://gitlab.horizon-haskell.net/package-sets/horizon-core"
      }
    },
    "horizon-core_2": {
      "inputs": {
        "flake-parts": [
          "horizon-platform",
          "horizon-advance",
          "horizon-core",
          "horizon-build-packages",
          "flake-parts"
        ],
        "horizon-build-packages": "horizon-build-packages_2",
        "horizon-hoogle": "horizon-hoogle_4",
        "nixpkgs": [
          "horizon-platform",
          "horizon-advance",
          "horizon-core",
          "horizon-build-packages",
          "nixpkgs"
        ]
      },
      "locked": {
        "lastModified": 1708988401,
        "narHash": "sha256-K8S9191VAzpgLEU+O1bg+vfEF8M0ZJnZmhfgTX+JCdY=",
        "ref": "lts/ghc-9.8.x",
        "rev": "0a3a6987d0631cf2359c15804fdf5744f9a8772c",
        "revCount": 1318,
        "type": "git",
        "url": "https://gitlab.horizon-haskell.net/package-sets/horizon-core"
      },
      "original": {
        "ref": "lts/ghc-9.8.x",
        "type": "git",
        "url": "https://gitlab.horizon-haskell.net/package-sets/horizon-core"
      }
    },
    "horizon-devtools": {
      "inputs": {
        "flake-parts": "flake-parts_2",
        "horizon-advance": "horizon-advance",
        "horizon-hoogle": "horizon-hoogle_3",
        "nixpkgs": "nixpkgs_3"
      },
      "locked": {
        "lastModified": 1716637810,
        "narHash": "sha256-Bo6OlDHZ+1nR2LTM9G+5iCB+7ITkcW9zc+f3kUvS0rU=",
        "ref": "lts/ghc-9.8.x",
        "rev": "ebc705dc9dd1a96fcdc55e635253e4a294496d1a",
        "revCount": 1314,
        "type": "git",
        "url": "https://gitlab.horizon-haskell.net/package-sets/horizon-platform"
      },
      "original": {
        "ref": "lts/ghc-9.8.x",
        "type": "git",
        "url": "https://gitlab.horizon-haskell.net/package-sets/horizon-platform"
      }
    },
    "horizon-ghc": {
      "inputs": {
        "flake-parts": "flake-parts_4",
        "nixpkgs": "nixpkgs"
      },
      "locked": {
        "lastModified": 1708948945,
        "narHash": "sha256-p3GpqJEA733xi9EhzaB20SKWihRug6sJvTxL+xt2WvQ=",
        "ref": "lts/ghc-9.8.x",
        "rev": "5ce4e64ca132619bd1c037556b6a6b2c15946d36",
        "revCount": 94,
        "type": "git",
        "url": "https://gitlab.horizon-haskell.net/ghc/horizon-ghc"
      },
      "original": {
        "ref": "lts/ghc-9.8.x",
        "type": "git",
        "url": "https://gitlab.horizon-haskell.net/ghc/horizon-ghc"
      }
    },
    "horizon-ghc_2": {
      "inputs": {
        "flake-parts": "flake-parts_7",
        "nixpkgs": "nixpkgs_4"
      },
      "locked": {
        "lastModified": 1708948945,
        "narHash": "sha256-p3GpqJEA733xi9EhzaB20SKWihRug6sJvTxL+xt2WvQ=",
        "ref": "lts/ghc-9.8.x",
        "rev": "5ce4e64ca132619bd1c037556b6a6b2c15946d36",
        "revCount": 94,
        "type": "git",
        "url": "https://gitlab.horizon-haskell.net/ghc/horizon-ghc"
      },
      "original": {
        "ref": "lts/ghc-9.8.x",
        "type": "git",
        "url": "https://gitlab.horizon-haskell.net/ghc/horizon-ghc"
      }
    },
    "horizon-hoogle": {
      "locked": {
        "lastModified": 1701521742,
        "narHash": "sha256-huf/95jYL7mY0AHSziJYXx4m/sP+G+YAbJb+Q5Ph/Jg=",
        "ref": "refs/heads/master",
        "rev": "ddf3b08c6458c1a9e0d881f968c050bc828b9b8e",
        "revCount": 2,
        "type": "git",
        "url": "https://gitlab.horizon-haskell.net/nix/horizon-hoogle"
      },
      "original": {
        "type": "git",
        "url": "https://gitlab.horizon-haskell.net/nix/horizon-hoogle"
      }
    },
    "horizon-hoogle_2": {
      "locked": {
        "lastModified": 1701521742,
        "narHash": "sha256-huf/95jYL7mY0AHSziJYXx4m/sP+G+YAbJb+Q5Ph/Jg=",
        "ref": "refs/heads/master",
        "rev": "ddf3b08c6458c1a9e0d881f968c050bc828b9b8e",
        "revCount": 2,
        "type": "git",
        "url": "https://gitlab.horizon-haskell.net/nix/horizon-hoogle"
      },
      "original": {
        "type": "git",
        "url": "https://gitlab.horizon-haskell.net/nix/horizon-hoogle"
      }
    },
    "horizon-hoogle_3": {
      "locked": {
        "lastModified": 1701521742,
        "narHash": "sha256-huf/95jYL7mY0AHSziJYXx4m/sP+G+YAbJb+Q5Ph/Jg=",
        "ref": "refs/heads/master",
        "rev": "ddf3b08c6458c1a9e0d881f968c050bc828b9b8e",
        "revCount": 2,
        "type": "git",
        "url": "https://gitlab.horizon-haskell.net/nix/horizon-hoogle"
      },
      "original": {
        "type": "git",
        "url": "https://gitlab.horizon-haskell.net/nix/horizon-hoogle"
      }
    },
    "horizon-hoogle_4": {
      "locked": {
        "lastModified": 1701521742,
        "narHash": "sha256-huf/95jYL7mY0AHSziJYXx4m/sP+G+YAbJb+Q5Ph/Jg=",
        "ref": "refs/heads/master",
        "rev": "ddf3b08c6458c1a9e0d881f968c050bc828b9b8e",
        "revCount": 2,
        "type": "git",
        "url": "https://gitlab.horizon-haskell.net/nix/horizon-hoogle"
      },
      "original": {
        "type": "git",
        "url": "https://gitlab.horizon-haskell.net/nix/horizon-hoogle"
      }
    },
    "horizon-hoogle_5": {
      "locked": {
        "lastModified": 1701521742,
        "narHash": "sha256-huf/95jYL7mY0AHSziJYXx4m/sP+G+YAbJb+Q5Ph/Jg=",
        "ref": "refs/heads/master",
        "rev": "ddf3b08c6458c1a9e0d881f968c050bc828b9b8e",
        "revCount": 2,
        "type": "git",
        "url": "https://gitlab.horizon-haskell.net/nix/horizon-hoogle"
      },
      "original": {
        "type": "git",
        "url": "https://gitlab.horizon-haskell.net/nix/horizon-hoogle"
      }
    },
    "horizon-hoogle_6": {
      "locked": {
        "lastModified": 1701521742,
        "narHash": "sha256-huf/95jYL7mY0AHSziJYXx4m/sP+G+YAbJb+Q5Ph/Jg=",
        "ref": "refs/heads/master",
        "rev": "ddf3b08c6458c1a9e0d881f968c050bc828b9b8e",
        "revCount": 2,
        "type": "git",
        "url": "https://gitlab.horizon-haskell.net/nix/horizon-hoogle"
      },
      "original": {
        "type": "git",
        "url": "https://gitlab.horizon-haskell.net/nix/horizon-hoogle"
      }
    },
    "horizon-platform": {
      "inputs": {
        "flake-parts": "flake-parts_5",
        "horizon-advance": "horizon-advance_2",
        "horizon-hoogle": "horizon-hoogle_6",
        "nixpkgs": "nixpkgs_6"
      },
      "locked": {
        "lastModified": 1716637810,
        "narHash": "sha256-Bo6OlDHZ+1nR2LTM9G+5iCB+7ITkcW9zc+f3kUvS0rU=",
        "ref": "lts/ghc-9.8.x",
        "rev": "ebc705dc9dd1a96fcdc55e635253e4a294496d1a",
        "revCount": 1314,
        "type": "git",
        "url": "https://gitlab.horizon-haskell.net/package-sets/horizon-platform"
      },
      "original": {
        "ref": "lts/ghc-9.8.x",
        "type": "git",
        "url": "https://gitlab.horizon-haskell.net/package-sets/horizon-platform"
      }
    },
    "nixpkgs": {
      "locked": {
        "lastModified": 1707956935,
        "narHash": "sha256-ZL2TrjVsiFNKOYwYQozpbvQSwvtV/3Me7Zwhmdsfyu4=",
        "owner": "nixos",
        "repo": "nixpkgs",
        "rev": "a4d4fe8c5002202493e87ec8dbc91335ff55552c",
        "type": "github"
      },
      "original": {
        "owner": "nixos",
        "ref": "nixos-unstable",
        "repo": "nixpkgs",
        "type": "github"
      }
    },
    "nixpkgs-lib": {
      "locked": {
        "lastModified": 1738452942,
        "narHash": "sha256-vJzFZGaCpnmo7I6i416HaBLpC+hvcURh/BQwROcGIp8=",
        "type": "tarball",
        "url": "https://github.com/NixOS/nixpkgs/archive/072a6db25e947df2f31aab9eccd0ab75d5b2da11.tar.gz"
      },
      "original": {
        "type": "tarball",
        "url": "https://github.com/NixOS/nixpkgs/archive/072a6db25e947df2f31aab9eccd0ab75d5b2da11.tar.gz"
      }
    },
    "nixpkgs-lib_2": {
      "locked": {
        "dir": "lib",
        "lastModified": 1706550542,
        "narHash": "sha256-UcsnCG6wx++23yeER4Hg18CXWbgNpqNXcHIo5/1Y+hc=",
        "owner": "NixOS",
        "repo": "nixpkgs",
        "rev": "97b17f32362e475016f942bbdfda4a4a72a8a652",
        "type": "github"
      },
      "original": {
        "dir": "lib",
        "owner": "NixOS",
        "ref": "nixos-unstable",
        "repo": "nixpkgs",
        "type": "github"
      }
    },
    "nixpkgs-lib_3": {
      "locked": {
        "dir": "lib",
        "lastModified": 1706550542,
        "narHash": "sha256-UcsnCG6wx++23yeER4Hg18CXWbgNpqNXcHIo5/1Y+hc=",
        "owner": "NixOS",
        "repo": "nixpkgs",
        "rev": "97b17f32362e475016f942bbdfda4a4a72a8a652",
        "type": "github"
      },
      "original": {
        "dir": "lib",
        "owner": "NixOS",
        "ref": "nixos-unstable",
        "repo": "nixpkgs",
        "type": "github"
      }
    },
    "nixpkgs-lib_4": {
      "locked": {
        "dir": "lib",
        "lastModified": 1706550542,
        "narHash": "sha256-UcsnCG6wx++23yeER4Hg18CXWbgNpqNXcHIo5/1Y+hc=",
        "owner": "NixOS",
        "repo": "nixpkgs",
        "rev": "97b17f32362e475016f942bbdfda4a4a72a8a652",
        "type": "github"
      },
      "original": {
        "dir": "lib",
        "owner": "NixOS",
        "ref": "nixos-unstable",
        "repo": "nixpkgs",
        "type": "github"
      }
    },
    "nixpkgs-lib_5": {
      "locked": {
        "dir": "lib",
        "lastModified": 1706550542,
        "narHash": "sha256-UcsnCG6wx++23yeER4Hg18CXWbgNpqNXcHIo5/1Y+hc=",
        "owner": "NixOS",
        "repo": "nixpkgs",
        "rev": "97b17f32362e475016f942bbdfda4a4a72a8a652",
        "type": "github"
      },
      "original": {
        "dir": "lib",
        "owner": "NixOS",
        "ref": "nixos-unstable",
        "repo": "nixpkgs",
        "type": "github"
      }
    },
    "nixpkgs-lib_6": {
      "locked": {
        "dir": "lib",
        "lastModified": 1706550542,
        "narHash": "sha256-UcsnCG6wx++23yeER4Hg18CXWbgNpqNXcHIo5/1Y+hc=",
        "owner": "NixOS",
        "repo": "nixpkgs",
        "rev": "97b17f32362e475016f942bbdfda4a4a72a8a652",
        "type": "github"
      },
      "original": {
        "dir": "lib",
        "owner": "NixOS",
        "ref": "nixos-unstable",
        "repo": "nixpkgs",
        "type": "github"
      }
    },
    "nixpkgs-lib_7": {
      "locked": {
        "dir": "lib",
        "lastModified": 1706550542,
        "narHash": "sha256-UcsnCG6wx++23yeER4Hg18CXWbgNpqNXcHIo5/1Y+hc=",
        "owner": "NixOS",
        "repo": "nixpkgs",
        "rev": "97b17f32362e475016f942bbdfda4a4a72a8a652",
        "type": "github"
      },
      "original": {
        "dir": "lib",
        "owner": "NixOS",
        "ref": "nixos-unstable",
        "repo": "nixpkgs",
        "type": "github"
      }
    },
    "nixpkgs_2": {
      "locked": {
        "lastModified": 1707956935,
        "narHash": "sha256-ZL2TrjVsiFNKOYwYQozpbvQSwvtV/3Me7Zwhmdsfyu4=",
        "owner": "nixos",
        "repo": "nixpkgs",
        "rev": "a4d4fe8c5002202493e87ec8dbc91335ff55552c",
        "type": "github"
      },
      "original": {
        "owner": "nixos",
        "ref": "nixos-unstable",
        "repo": "nixpkgs",
        "type": "github"
      }
    },
    "nixpkgs_3": {
      "locked": {
        "lastModified": 1708093448,
        "narHash": "sha256-gohEm3/NVyu7WINFhRf83yJH8UM2ie/KY9Iw3VN6fiE=",
        "owner": "nixos",
        "repo": "nixpkgs",
        "rev": "c7763249f02b7786b4ca36e13a4d7365cfba162f",
        "type": "github"
      },
      "original": {
        "owner": "nixos",
        "ref": "nixpkgs-unstable",
        "repo": "nixpkgs",
        "type": "github"
      }
    },
    "nixpkgs_4": {
      "locked": {
        "lastModified": 1707956935,
        "narHash": "sha256-ZL2TrjVsiFNKOYwYQozpbvQSwvtV/3Me7Zwhmdsfyu4=",
        "owner": "nixos",
        "repo": "nixpkgs",
        "rev": "a4d4fe8c5002202493e87ec8dbc91335ff55552c",
        "type": "github"
      },
      "original": {
        "owner": "nixos",
        "ref": "nixos-unstable",
        "repo": "nixpkgs",
        "type": "github"
      }
    },
    "nixpkgs_5": {
      "locked": {
        "lastModified": 1707956935,
        "narHash": "sha256-ZL2TrjVsiFNKOYwYQozpbvQSwvtV/3Me7Zwhmdsfyu4=",
        "owner": "nixos",
        "repo": "nixpkgs",
        "rev": "a4d4fe8c5002202493e87ec8dbc91335ff55552c",
        "type": "github"
      },
      "original": {
        "owner": "nixos",
        "ref": "nixos-unstable",
        "repo": "nixpkgs",
        "type": "github"
      }
    },
    "nixpkgs_6": {
      "locked": {
        "lastModified": 1708093448,
        "narHash": "sha256-gohEm3/NVyu7WINFhRf83yJH8UM2ie/KY9Iw3VN6fiE=",
        "owner": "nixos",
        "repo": "nixpkgs",
        "rev": "c7763249f02b7786b4ca36e13a4d7365cfba162f",
        "type": "github"
      },
      "original": {
        "owner": "nixos",
        "ref": "nixpkgs-unstable",
        "repo": "nixpkgs",
        "type": "github"
      }
    },
    "nixpkgs_7": {
      "locked": {
        "lastModified": 1740424538,
        "narHash": "sha256-vRAdVJOLB42G8JDx95gRBCEmHXR586u61gu1OzeppKo=",
        "owner": "nixos",
        "repo": "nixpkgs",
        "rev": "39d921ecb8fc4028eb43d9a87bdeef55ff86fa9b",
        "type": "github"
      },
      "original": {
        "owner": "nixos",
        "ref": "nixpkgs-unstable",
        "repo": "nixpkgs",
        "type": "github"
      }
    },
    "root": {
      "inputs": {
        "flake-parts": "flake-parts",
        "horizon-devtools": "horizon-devtools",
        "horizon-platform": "horizon-platform",
        "nixpkgs": "nixpkgs_7"
      }
    }
  },
  "root": "root",
  "version": 7
}
